
Microsoft Visual Studio Solution File, Format Version 12.00
# Visual Studio Version 16
VisualStudioVersion = 16.0.30104.148
MinimumVisualStudioVersion = 10.0.40219.1
Project("{FAE04EC0-301F-11D3-BF4B-00C04F79EFBC}") = "Multiplication table", "Multiplication table\Multiplication table.csproj", "{FDD4E999-B559-4C85-9C42-8FE6DA2BF2D3}"
EndProject
Global
	GlobalSection(SolutionConfigurationPlatforms) = preSolution
		Debug|Any CPU = Debug|Any CPU
		Release|Any CPU = Release|Any CPU
	EndGlobalSection
	GlobalSection(ProjectConfigurationPlatforms) = postSolution
		{FDD4E999-B559-4C85-9C42-8FE6DA2BF2D3}.Debug|Any CPU.ActiveCfg = Debug|Any CPU
		{FDD4E999-B559-4C85-9C42-8FE6DA2BF2D3}.Debug|Any CPU.Build.0 = Debug|Any CPU
		{FDD4E999-B559-4C85-9C42-8FE6DA2BF2D3}.Release|Any CPU.ActiveCfg = Release|Any CPU
		{FDD4E999-B559-4C85-9C42-8FE6DA2BF2D3}.Release|Any CPU.Build.0 = Release|Any CPU
	EndGlobalSection
	GlobalSection(SolutionProperties) = preSolution
		HideSolutionNode = FALSE
	EndGlobalSection
	GlobalSection(ExtensibilityGlobals) = postSolution
		SolutionGuid = {2531AA9A-098B-40B4-8E36-C9E5162B3DA5}
	EndGlobalSection
EndGlobal
