
Microsoft Visual Studio Solution File, Format Version 12.00
# Visual Studio Version 16
VisualStudioVersion = 16.0.30104.148
MinimumVisualStudioVersion = 10.0.40219.1
Project("{FAE04EC0-301F-11D3-BF4B-00C04F79EFBC}") = "Matrix(+,-,x,)", "Matrix(+,-,x,)\Matrix(+,-,x,).csproj", "{3497FD33-D7AE-46D9-91EF-A62E2A0843EE}"
EndProject
Global
	GlobalSection(SolutionConfigurationPlatforms) = preSolution
		Debug|Any CPU = Debug|Any CPU
		Release|Any CPU = Release|Any CPU
	EndGlobalSection
	GlobalSection(ProjectConfigurationPlatforms) = postSolution
		{3497FD33-D7AE-46D9-91EF-A62E2A0843EE}.Debug|Any CPU.ActiveCfg = Debug|Any CPU
		{3497FD33-D7AE-46D9-91EF-A62E2A0843EE}.Debug|Any CPU.Build.0 = Debug|Any CPU
		{3497FD33-D7AE-46D9-91EF-A62E2A0843EE}.Release|Any CPU.ActiveCfg = Release|Any CPU
		{3497FD33-D7AE-46D9-91EF-A62E2A0843EE}.Release|Any CPU.Build.0 = Release|Any CPU
	EndGlobalSection
	GlobalSection(SolutionProperties) = preSolution
		HideSolutionNode = FALSE
	EndGlobalSection
	GlobalSection(ExtensibilityGlobals) = postSolution
		SolutionGuid = {B677375A-EFCD-4DDA-AB06-0AE732A20A4E}
	EndGlobalSection
EndGlobal
