
Microsoft Visual Studio Solution File, Format Version 12.00
# Visual Studio Version 16
VisualStudioVersion = 16.0.30104.148
MinimumVisualStudioVersion = 10.0.40219.1
Project("{FAE04EC0-301F-11D3-BF4B-00C04F79EFBC}") = "Divisibility", "Divisibility\Divisibility.csproj", "{5747E4C0-CB81-4F5F-99BE-D0587855808B}"
EndProject
Global
	GlobalSection(SolutionConfigurationPlatforms) = preSolution
		Debug|Any CPU = Debug|Any CPU
		Release|Any CPU = Release|Any CPU
	EndGlobalSection
	GlobalSection(ProjectConfigurationPlatforms) = postSolution
		{5747E4C0-CB81-4F5F-99BE-D0587855808B}.Debug|Any CPU.ActiveCfg = Debug|Any CPU
		{5747E4C0-CB81-4F5F-99BE-D0587855808B}.Debug|Any CPU.Build.0 = Debug|Any CPU
		{5747E4C0-CB81-4F5F-99BE-D0587855808B}.Release|Any CPU.ActiveCfg = Release|Any CPU
		{5747E4C0-CB81-4F5F-99BE-D0587855808B}.Release|Any CPU.Build.0 = Release|Any CPU
	EndGlobalSection
	GlobalSection(SolutionProperties) = preSolution
		HideSolutionNode = FALSE
	EndGlobalSection
	GlobalSection(ExtensibilityGlobals) = postSolution
		SolutionGuid = {88BBBBF5-2183-4B1C-ACBE-CAE71FA63DBD}
	EndGlobalSection
EndGlobal
